
Microsoft Visual Studio Solution File, Format Version 12.00
# Visual Studio 15
VisualStudioVersion = 15.0.27004.2006
MinimumVisualStudioVersion = 10.0.40219.1
Project("{888888A0-9F3D-457C-B088-3A5042F75D52}") = "uno", "uno\uno.pyproj", "{0C4E9157-433E-4DC9-A6B8-87E07153B4D5}"
EndProject
Global
	GlobalSection(SolutionConfigurationPlatforms) = preSolution
		Debug|Any CPU = Debug|Any CPU
		Release|Any CPU = Release|Any CPU
	EndGlobalSection
	GlobalSection(ProjectConfigurationPlatforms) = postSolution
		{0C4E9157-433E-4DC9-A6B8-87E07153B4D5}.Debug|Any CPU.ActiveCfg = Debug|Any CPU
		{0C4E9157-433E-4DC9-A6B8-87E07153B4D5}.Release|Any CPU.ActiveCfg = Release|Any CPU
	EndGlobalSection
	GlobalSection(SolutionProperties) = preSolution
		HideSolutionNode = FALSE
	EndGlobalSection
	GlobalSection(ExtensibilityGlobals) = postSolution
		SolutionGuid = {19679BFE-B784-4991-9708-7BB729649073}
	EndGlobalSection
EndGlobal
